
Microsoft Visual Studio Solution File, Format Version 12.00
# Visual Studio 14
VisualStudioVersion = 14.0.25420.1
MinimumVisualStudioVersion = 10.0.40219.1
Project("{E24C65DC-7377-472B-9ABA-BC803B73C61A}") = "asp.net(1)", "ASP.net\會員新增登入\asp.net\", "{BBA68FD8-081C-401E-B7E6-1108645036E8}"
	ProjectSection(WebsiteProperties) = preProject
		TargetFrameworkMoniker = ".NETFramework,Version%3Dv4.5.2"
		Debug.AspNetCompiler.VirtualPath = "/localhost_56834"
		Debug.AspNetCompiler.PhysicalPath = "ASP.net\會員新增登入\asp.net\"
		Debug.AspNetCompiler.TargetPath = "PrecompiledWeb\localhost_56834\"
		Debug.AspNetCompiler.Updateable = "true"
		Debug.AspNetCompiler.ForceOverwrite = "true"
		Debug.AspNetCompiler.FixedNames = "false"
		Debug.AspNetCompiler.Debug = "True"
		Release.AspNetCompiler.VirtualPath = "/localhost_56834"
		Release.AspNetCompiler.PhysicalPath = "ASP.net\會員新增登入\asp.net\"
		Release.AspNetCompiler.TargetPath = "PrecompiledWeb\localhost_56834\"
		Release.AspNetCompiler.Updateable = "true"
		Release.AspNetCompiler.ForceOverwrite = "true"
		Release.AspNetCompiler.FixedNames = "false"
		Release.AspNetCompiler.Debug = "False"
		VWDPort = "56834"
		SlnRelativePath = "ASP.net\會員新增登入\asp.net\"
	EndProjectSection
EndProject
Global
	GlobalSection(SolutionConfigurationPlatforms) = preSolution
		Debug|Any CPU = Debug|Any CPU
	EndGlobalSection
	GlobalSection(ProjectConfigurationPlatforms) = postSolution
		{BBA68FD8-081C-401E-B7E6-1108645036E8}.Debug|Any CPU.ActiveCfg = Debug|Any CPU
		{BBA68FD8-081C-401E-B7E6-1108645036E8}.Debug|Any CPU.Build.0 = Debug|Any CPU
	EndGlobalSection
	GlobalSection(SolutionProperties) = preSolution
		HideSolutionNode = FALSE
	EndGlobalSection
EndGlobal
